<?xml version="1.0" encoding="utf-8"?>
<Project ToolsVersion="4.0" xmlns="http://schemas.microsoft.com/developer/msbuild/2003">
  <ItemGroup>
    <Filter Include="Algorithm">
      <UniqueIdentifier>{08982a36-f478-4d8f-a50f-0ea4de42812d}</UniqueIdentifier>
    </Filter>
    <Filter Include="Algorithm\bn">
      <UniqueIdentifier>{9d37a520-1c82-42d4-b549-b440b2952bcf}</UniqueIdentifier>
    </Filter>
  </ItemGroup>
  <ItemGroup>
    <ClCompile Include="keygen.cpp" />
    <ClCompile Include="algo\d2k2_crackme08.c">
      <Filter>Algorithm</Filter>
    </ClCompile>
    <ClCompile Include="algo\bignum\bignum.c">
      <Filter>Algorithm\bn</Filter>
    </ClCompile>
  </ItemGroup>
  <ItemGroup>
    <None Include="banner.bmp" />
    <None Include="icon.ico" />
    <None Include="music.xm" />
    <None Include="template.BMP" />
  </ItemGroup>
  <ItemGroup>
    <ResourceCompile Include="keygen.rc" />
  </ItemGroup>
  <ItemGroup>
    <ClInclude Include="resource.h" />
    <ClInclude Include="algo\bignum\bignum.h">
      <Filter>Algorithm\bn</Filter>
    </ClInclude>
  </ItemGroup>
  <ItemGroup>
    <MASM Include="algo\d2k2_crackme08_hash.asm">
      <Filter>Algorithm</Filter>
    </MASM>
  </ItemGroup>
</Project>